
Microsoft Visual Studio Solution File, Format Version 12.00
# Visual Studio Version 17
VisualStudioVersion = 17.5.002.0
MinimumVisualStudioVersion = 10.0.40219.1
Project("{2150E333-8FDC-42A3-9474-1A3956D46DE8}") = "ChallengeProject", "ChallengeProject", "{C20244BA-7016-4B92-949E-1B778021DEBA}"
EndProject
Project("{9A19103F-16F7-4668-BE54-9A1E7A4F7556}") = "Final", "ChallengeProject\Final\Final.csproj", "{E17EF649-F2EF-4DF4-AA18-26B35EF79BBE}"
EndProject
Project("{9A19103F-16F7-4668-BE54-9A1E7A4F7556}") = "Starter", "ChallengeProject\Starter\Starter.csproj", "{F4383E39-3A88-454A-A59F-37BA6AF03327}"
EndProject
Global
	GlobalSection(SolutionConfigurationPlatforms) = preSolution
		Debug|Any CPU = Debug|Any CPU
		Release|Any CPU = Release|Any CPU
	EndGlobalSection
	GlobalSection(ProjectConfigurationPlatforms) = postSolution
		{E17EF649-F2EF-4DF4-AA18-26B35EF79BBE}.Debug|Any CPU.ActiveCfg = Debug|Any CPU
		{E17EF649-F2EF-4DF4-AA18-26B35EF79BBE}.Debug|Any CPU.Build.0 = Debug|Any CPU
		{E17EF649-F2EF-4DF4-AA18-26B35EF79BBE}.Release|Any CPU.ActiveCfg = Release|Any CPU
		{E17EF649-F2EF-4DF4-AA18-26B35EF79BBE}.Release|Any CPU.Build.0 = Release|Any CPU
		{F4383E39-3A88-454A-A59F-37BA6AF03327}.Debug|Any CPU.ActiveCfg = Debug|Any CPU
		{F4383E39-3A88-454A-A59F-37BA6AF03327}.Debug|Any CPU.Build.0 = Debug|Any CPU
		{F4383E39-3A88-454A-A59F-37BA6AF03327}.Release|Any CPU.ActiveCfg = Release|Any CPU
		{F4383E39-3A88-454A-A59F-37BA6AF03327}.Release|Any CPU.Build.0 = Release|Any CPU
	EndGlobalSection
	GlobalSection(SolutionProperties) = preSolution
		HideSolutionNode = FALSE
	EndGlobalSection
	GlobalSection(NestedProjects) = preSolution
		{E17EF649-F2EF-4DF4-AA18-26B35EF79BBE} = {C20244BA-7016-4B92-949E-1B778021DEBA}
		{F4383E39-3A88-454A-A59F-37BA6AF03327} = {C20244BA-7016-4B92-949E-1B778021DEBA}
	EndGlobalSection
	GlobalSection(ExtensibilityGlobals) = postSolution
		SolutionGuid = {7EE1D8B4-9DD3-4E6D-93E0-079B6966B661}
	EndGlobalSection
EndGlobal
